
Microsoft Visual Studio Solution File, Format Version 12.00
# Visual Studio Version 16
VisualStudioVersion = 16.0.28803.156
MinimumVisualStudioVersion = 10.0.40219.1
Project("{9A19103F-16F7-4668-BE54-9A1E7A4F7556}") = "MessageQueue.Data", "MessageQueue.Data\MessageQueue.Data.csproj", "{A2F59A35-5A53-4404-8859-20A7AC2D206D}"
EndProject
Project("{9A19103F-16F7-4668-BE54-9A1E7A4F7556}") = "MessageQueue.Domain", "MessageQueue.Domain\MessageQueue.Domain.csproj", "{E3842EC3-6FCE-4E75-BFA4-43614C139E9E}"
EndProject
Project("{9A19103F-16F7-4668-BE54-9A1E7A4F7556}") = "MessageQueue.IoC", "MessageQueue.IoC\MessageQueue.IoC.csproj", "{0E1A3941-8EC9-42AA-92E2-AB359F5E6375}"
EndProject
Project("{9A19103F-16F7-4668-BE54-9A1E7A4F7556}") = "MessageQueue.NserviceBus", "MessageQueue.NserviceBus\MessageQueue.NserviceBus.csproj", "{CC260DDF-295F-43C6-8758-8583E3135D23}"
EndProject
Project("{2150E333-8FDC-42A3-9474-1A3956D46DE8}") = "01 Apps", "01 Apps", "{E48E0C9E-258B-42E7-9345-366A32F9F4E1}"
EndProject
Project("{2150E333-8FDC-42A3-9474-1A3956D46DE8}") = "02 Domains", "02 Domains", "{A381A76F-D474-4F4A-B9C3-EA47395A578F}"
EndProject
Project("{2150E333-8FDC-42A3-9474-1A3956D46DE8}") = "03 Infrastructure", "03 Infrastructure", "{0D0F04FF-AA9B-4ECD-AD83-E3CDB8F9D02F}"
EndProject
Project("{2150E333-8FDC-42A3-9474-1A3956D46DE8}") = "04 Tests", "04 Tests", "{CBA15DAA-30CD-412C-A991-FAE955068BA3}"
EndProject
Project("{9A19103F-16F7-4668-BE54-9A1E7A4F7556}") = "MessageQueue.UnitTest", "MessageQueue.UnitTest\MessageQueue.UnitTest.csproj", "{4AA2C211-0CD9-45AB-A25F-927C41C40DCE}"
EndProject
Project("{FAE04EC0-301F-11D3-BF4B-00C04F79EFBC}") = "MessageQueue.ClientCommand.V2", "MessageQueue.ClientCommand.V2\MessageQueue.ClientCommand.V2.csproj", "{C3556FDB-36AB-4CD1-99A2-0F36B9D0A896}"
EndProject
Project("{FAE04EC0-301F-11D3-BF4B-00C04F79EFBC}") = "MessageQueue.ServerCommand.V2", "MessageQueue.ServerCommand.V2\MessageQueue.ServerCommand.V2.csproj", "{55928ACB-0B98-45A3-82B2-B8BFC62FE312}"
EndProject
Project("{FAE04EC0-301F-11D3-BF4B-00C04F79EFBC}") = "MessageQueue.ClientEvent.V2", "MessageQueue.ClientEvent.V2\MessageQueue.ClientEvent.V2.csproj", "{0AB96983-4E24-4F77-AA9B-4C7FB0268E26}"
EndProject
Project("{FAE04EC0-301F-11D3-BF4B-00C04F79EFBC}") = "MessageQueue.Server1Event.V2", "MessageQueue.Server1Event.V2\MessageQueue.Server1Event.V2.csproj", "{A82E275B-7D45-4F61-B4CE-09C88D80C91D}"
EndProject
Project("{FAE04EC0-301F-11D3-BF4B-00C04F79EFBC}") = "MessageQueue.Server2Event.V2", "MessageQueue.Server2Event.V2\MessageQueue.Server2Event.V2.csproj", "{FA780120-503D-49C2-B1E9-8389750C3EDE}"
EndProject
Global
	GlobalSection(SolutionConfigurationPlatforms) = preSolution
		Debug|Any CPU = Debug|Any CPU
		Release|Any CPU = Release|Any CPU
	EndGlobalSection
	GlobalSection(ProjectConfigurationPlatforms) = postSolution
		{A2F59A35-5A53-4404-8859-20A7AC2D206D}.Debug|Any CPU.ActiveCfg = Debug|Any CPU
		{A2F59A35-5A53-4404-8859-20A7AC2D206D}.Debug|Any CPU.Build.0 = Debug|Any CPU
		{A2F59A35-5A53-4404-8859-20A7AC2D206D}.Release|Any CPU.ActiveCfg = Release|Any CPU
		{A2F59A35-5A53-4404-8859-20A7AC2D206D}.Release|Any CPU.Build.0 = Release|Any CPU
		{E3842EC3-6FCE-4E75-BFA4-43614C139E9E}.Debug|Any CPU.ActiveCfg = Debug|Any CPU
		{E3842EC3-6FCE-4E75-BFA4-43614C139E9E}.Debug|Any CPU.Build.0 = Debug|Any CPU
		{E3842EC3-6FCE-4E75-BFA4-43614C139E9E}.Release|Any CPU.ActiveCfg = Release|Any CPU
		{E3842EC3-6FCE-4E75-BFA4-43614C139E9E}.Release|Any CPU.Build.0 = Release|Any CPU
		{0E1A3941-8EC9-42AA-92E2-AB359F5E6375}.Debug|Any CPU.ActiveCfg = Debug|Any CPU
		{0E1A3941-8EC9-42AA-92E2-AB359F5E6375}.Debug|Any CPU.Build.0 = Debug|Any CPU
		{0E1A3941-8EC9-42AA-92E2-AB359F5E6375}.Release|Any CPU.ActiveCfg = Release|Any CPU
		{0E1A3941-8EC9-42AA-92E2-AB359F5E6375}.Release|Any CPU.Build.0 = Release|Any CPU
		{CC260DDF-295F-43C6-8758-8583E3135D23}.Debug|Any CPU.ActiveCfg = Debug|Any CPU
		{CC260DDF-295F-43C6-8758-8583E3135D23}.Debug|Any CPU.Build.0 = Debug|Any CPU
		{CC260DDF-295F-43C6-8758-8583E3135D23}.Release|Any CPU.ActiveCfg = Release|Any CPU
		{CC260DDF-295F-43C6-8758-8583E3135D23}.Release|Any CPU.Build.0 = Release|Any CPU
		{4AA2C211-0CD9-45AB-A25F-927C41C40DCE}.Debug|Any CPU.ActiveCfg = Debug|Any CPU
		{4AA2C211-0CD9-45AB-A25F-927C41C40DCE}.Debug|Any CPU.Build.0 = Debug|Any CPU
		{4AA2C211-0CD9-45AB-A25F-927C41C40DCE}.Release|Any CPU.ActiveCfg = Release|Any CPU
		{4AA2C211-0CD9-45AB-A25F-927C41C40DCE}.Release|Any CPU.Build.0 = Release|Any CPU
		{C3556FDB-36AB-4CD1-99A2-0F36B9D0A896}.Debug|Any CPU.ActiveCfg = Debug|Any CPU
		{C3556FDB-36AB-4CD1-99A2-0F36B9D0A896}.Debug|Any CPU.Build.0 = Debug|Any CPU
		{C3556FDB-36AB-4CD1-99A2-0F36B9D0A896}.Release|Any CPU.ActiveCfg = Release|Any CPU
		{C3556FDB-36AB-4CD1-99A2-0F36B9D0A896}.Release|Any CPU.Build.0 = Release|Any CPU
		{55928ACB-0B98-45A3-82B2-B8BFC62FE312}.Debug|Any CPU.ActiveCfg = Debug|Any CPU
		{55928ACB-0B98-45A3-82B2-B8BFC62FE312}.Debug|Any CPU.Build.0 = Debug|Any CPU
		{55928ACB-0B98-45A3-82B2-B8BFC62FE312}.Release|Any CPU.ActiveCfg = Release|Any CPU
		{55928ACB-0B98-45A3-82B2-B8BFC62FE312}.Release|Any CPU.Build.0 = Release|Any CPU
		{0AB96983-4E24-4F77-AA9B-4C7FB0268E26}.Debug|Any CPU.ActiveCfg = Debug|Any CPU
		{0AB96983-4E24-4F77-AA9B-4C7FB0268E26}.Debug|Any CPU.Build.0 = Debug|Any CPU
		{0AB96983-4E24-4F77-AA9B-4C7FB0268E26}.Release|Any CPU.ActiveCfg = Release|Any CPU
		{0AB96983-4E24-4F77-AA9B-4C7FB0268E26}.Release|Any CPU.Build.0 = Release|Any CPU
		{A82E275B-7D45-4F61-B4CE-09C88D80C91D}.Debug|Any CPU.ActiveCfg = Debug|Any CPU
		{A82E275B-7D45-4F61-B4CE-09C88D80C91D}.Debug|Any CPU.Build.0 = Debug|Any CPU
		{A82E275B-7D45-4F61-B4CE-09C88D80C91D}.Release|Any CPU.ActiveCfg = Release|Any CPU
		{A82E275B-7D45-4F61-B4CE-09C88D80C91D}.Release|Any CPU.Build.0 = Release|Any CPU
		{FA780120-503D-49C2-B1E9-8389750C3EDE}.Debug|Any CPU.ActiveCfg = Debug|Any CPU
		{FA780120-503D-49C2-B1E9-8389750C3EDE}.Debug|Any CPU.Build.0 = Debug|Any CPU
		{FA780120-503D-49C2-B1E9-8389750C3EDE}.Release|Any CPU.ActiveCfg = Release|Any CPU
		{FA780120-503D-49C2-B1E9-8389750C3EDE}.Release|Any CPU.Build.0 = Release|Any CPU
	EndGlobalSection
	GlobalSection(SolutionProperties) = preSolution
		HideSolutionNode = FALSE
	EndGlobalSection
	GlobalSection(NestedProjects) = preSolution
		{A2F59A35-5A53-4404-8859-20A7AC2D206D} = {0D0F04FF-AA9B-4ECD-AD83-E3CDB8F9D02F}
		{E3842EC3-6FCE-4E75-BFA4-43614C139E9E} = {A381A76F-D474-4F4A-B9C3-EA47395A578F}
		{0E1A3941-8EC9-42AA-92E2-AB359F5E6375} = {0D0F04FF-AA9B-4ECD-AD83-E3CDB8F9D02F}
		{CC260DDF-295F-43C6-8758-8583E3135D23} = {0D0F04FF-AA9B-4ECD-AD83-E3CDB8F9D02F}
		{4AA2C211-0CD9-45AB-A25F-927C41C40DCE} = {CBA15DAA-30CD-412C-A991-FAE955068BA3}
		{C3556FDB-36AB-4CD1-99A2-0F36B9D0A896} = {E48E0C9E-258B-42E7-9345-366A32F9F4E1}
		{55928ACB-0B98-45A3-82B2-B8BFC62FE312} = {E48E0C9E-258B-42E7-9345-366A32F9F4E1}
		{0AB96983-4E24-4F77-AA9B-4C7FB0268E26} = {E48E0C9E-258B-42E7-9345-366A32F9F4E1}
		{A82E275B-7D45-4F61-B4CE-09C88D80C91D} = {E48E0C9E-258B-42E7-9345-366A32F9F4E1}
		{FA780120-503D-49C2-B1E9-8389750C3EDE} = {E48E0C9E-258B-42E7-9345-366A32F9F4E1}
	EndGlobalSection
	GlobalSection(ExtensibilityGlobals) = postSolution
		SolutionGuid = {4059BD86-C7C8-447C-8642-844A5F112127}
	EndGlobalSection
EndGlobal
