
Microsoft Visual Studio Solution File, Format Version 12.00
# Visual Studio Version 16
VisualStudioVersion = 16.0.28803.156
MinimumVisualStudioVersion = 10.0.40219.1
Project("{9A19103F-16F7-4668-BE54-9A1E7A4F7556}") = "MessageQueue.ClientCommand", "MessageQueue.ClientCommand\MessageQueue.ClientCommand.csproj", "{AC408378-EB82-4CE9-BD8D-D8ED9053DB1E}"
EndProject
Project("{9A19103F-16F7-4668-BE54-9A1E7A4F7556}") = "MessageQueue.Data", "MessageQueue.Data\MessageQueue.Data.csproj", "{A2F59A35-5A53-4404-8859-20A7AC2D206D}"
EndProject
Project("{9A19103F-16F7-4668-BE54-9A1E7A4F7556}") = "MessageQueue.Domain", "MessageQueue.Domain\MessageQueue.Domain.csproj", "{E3842EC3-6FCE-4E75-BFA4-43614C139E9E}"
EndProject
Project("{9A19103F-16F7-4668-BE54-9A1E7A4F7556}") = "MessageQueue.IoC", "MessageQueue.IoC\MessageQueue.IoC.csproj", "{0E1A3941-8EC9-42AA-92E2-AB359F5E6375}"
EndProject
Project("{9A19103F-16F7-4668-BE54-9A1E7A4F7556}") = "MessageQueue.NserviceBus", "MessageQueue.NserviceBus\MessageQueue.NserviceBus.csproj", "{CC260DDF-295F-43C6-8758-8583E3135D23}"
EndProject
Project("{9A19103F-16F7-4668-BE54-9A1E7A4F7556}") = "MessageQueue.ServerCommand", "MessageQueue.ServerCommand\MessageQueue.ServerCommand.csproj", "{50FF610F-C074-4F3D-8C7A-9C1E9C2AEA54}"
EndProject
Project("{2150E333-8FDC-42A3-9474-1A3956D46DE8}") = "01 Apps", "01 Apps", "{E48E0C9E-258B-42E7-9345-366A32F9F4E1}"
EndProject
Project("{2150E333-8FDC-42A3-9474-1A3956D46DE8}") = "02 Domains", "02 Domains", "{A381A76F-D474-4F4A-B9C3-EA47395A578F}"
EndProject
Project("{2150E333-8FDC-42A3-9474-1A3956D46DE8}") = "03 Infrastructure", "03 Infrastructure", "{0D0F04FF-AA9B-4ECD-AD83-E3CDB8F9D02F}"
EndProject
Project("{FAE04EC0-301F-11D3-BF4B-00C04F79EFBC}") = "MessageQueue.ClientEvent", "MessageQueue.ClientEvent\MessageQueue.ClientEvent.csproj", "{7A31F43D-01D1-495C-AD14-A0D90E6D8E5E}"
EndProject
Global
	GlobalSection(SolutionConfigurationPlatforms) = preSolution
		Debug|Any CPU = Debug|Any CPU
		Release|Any CPU = Release|Any CPU
	EndGlobalSection
	GlobalSection(ProjectConfigurationPlatforms) = postSolution
		{AC408378-EB82-4CE9-BD8D-D8ED9053DB1E}.Debug|Any CPU.ActiveCfg = Debug|Any CPU
		{AC408378-EB82-4CE9-BD8D-D8ED9053DB1E}.Debug|Any CPU.Build.0 = Debug|Any CPU
		{AC408378-EB82-4CE9-BD8D-D8ED9053DB1E}.Release|Any CPU.ActiveCfg = Release|Any CPU
		{AC408378-EB82-4CE9-BD8D-D8ED9053DB1E}.Release|Any CPU.Build.0 = Release|Any CPU
		{A2F59A35-5A53-4404-8859-20A7AC2D206D}.Debug|Any CPU.ActiveCfg = Debug|Any CPU
		{A2F59A35-5A53-4404-8859-20A7AC2D206D}.Debug|Any CPU.Build.0 = Debug|Any CPU
		{A2F59A35-5A53-4404-8859-20A7AC2D206D}.Release|Any CPU.ActiveCfg = Release|Any CPU
		{A2F59A35-5A53-4404-8859-20A7AC2D206D}.Release|Any CPU.Build.0 = Release|Any CPU
		{E3842EC3-6FCE-4E75-BFA4-43614C139E9E}.Debug|Any CPU.ActiveCfg = Debug|Any CPU
		{E3842EC3-6FCE-4E75-BFA4-43614C139E9E}.Debug|Any CPU.Build.0 = Debug|Any CPU
		{E3842EC3-6FCE-4E75-BFA4-43614C139E9E}.Release|Any CPU.ActiveCfg = Release|Any CPU
		{E3842EC3-6FCE-4E75-BFA4-43614C139E9E}.Release|Any CPU.Build.0 = Release|Any CPU
		{0E1A3941-8EC9-42AA-92E2-AB359F5E6375}.Debug|Any CPU.ActiveCfg = Debug|Any CPU
		{0E1A3941-8EC9-42AA-92E2-AB359F5E6375}.Debug|Any CPU.Build.0 = Debug|Any CPU
		{0E1A3941-8EC9-42AA-92E2-AB359F5E6375}.Release|Any CPU.ActiveCfg = Release|Any CPU
		{0E1A3941-8EC9-42AA-92E2-AB359F5E6375}.Release|Any CPU.Build.0 = Release|Any CPU
		{CC260DDF-295F-43C6-8758-8583E3135D23}.Debug|Any CPU.ActiveCfg = Debug|Any CPU
		{CC260DDF-295F-43C6-8758-8583E3135D23}.Debug|Any CPU.Build.0 = Debug|Any CPU
		{CC260DDF-295F-43C6-8758-8583E3135D23}.Release|Any CPU.ActiveCfg = Release|Any CPU
		{CC260DDF-295F-43C6-8758-8583E3135D23}.Release|Any CPU.Build.0 = Release|Any CPU
		{50FF610F-C074-4F3D-8C7A-9C1E9C2AEA54}.Debug|Any CPU.ActiveCfg = Debug|Any CPU
		{50FF610F-C074-4F3D-8C7A-9C1E9C2AEA54}.Debug|Any CPU.Build.0 = Debug|Any CPU
		{50FF610F-C074-4F3D-8C7A-9C1E9C2AEA54}.Release|Any CPU.ActiveCfg = Release|Any CPU
		{50FF610F-C074-4F3D-8C7A-9C1E9C2AEA54}.Release|Any CPU.Build.0 = Release|Any CPU
		{7A31F43D-01D1-495C-AD14-A0D90E6D8E5E}.Debug|Any CPU.ActiveCfg = Debug|Any CPU
		{7A31F43D-01D1-495C-AD14-A0D90E6D8E5E}.Debug|Any CPU.Build.0 = Debug|Any CPU
		{7A31F43D-01D1-495C-AD14-A0D90E6D8E5E}.Release|Any CPU.ActiveCfg = Release|Any CPU
		{7A31F43D-01D1-495C-AD14-A0D90E6D8E5E}.Release|Any CPU.Build.0 = Release|Any CPU
	EndGlobalSection
	GlobalSection(SolutionProperties) = preSolution
		HideSolutionNode = FALSE
	EndGlobalSection
	GlobalSection(NestedProjects) = preSolution
		{AC408378-EB82-4CE9-BD8D-D8ED9053DB1E} = {E48E0C9E-258B-42E7-9345-366A32F9F4E1}
		{A2F59A35-5A53-4404-8859-20A7AC2D206D} = {0D0F04FF-AA9B-4ECD-AD83-E3CDB8F9D02F}
		{E3842EC3-6FCE-4E75-BFA4-43614C139E9E} = {A381A76F-D474-4F4A-B9C3-EA47395A578F}
		{0E1A3941-8EC9-42AA-92E2-AB359F5E6375} = {0D0F04FF-AA9B-4ECD-AD83-E3CDB8F9D02F}
		{CC260DDF-295F-43C6-8758-8583E3135D23} = {0D0F04FF-AA9B-4ECD-AD83-E3CDB8F9D02F}
		{50FF610F-C074-4F3D-8C7A-9C1E9C2AEA54} = {E48E0C9E-258B-42E7-9345-366A32F9F4E1}
		{7A31F43D-01D1-495C-AD14-A0D90E6D8E5E} = {E48E0C9E-258B-42E7-9345-366A32F9F4E1}
	EndGlobalSection
	GlobalSection(ExtensibilityGlobals) = postSolution
		SolutionGuid = {4059BD86-C7C8-447C-8642-844A5F112127}
	EndGlobalSection
EndGlobal
